// !$*UTF8*$!
{
	archiveVersion = 1;
	classes = {
	};
	objectVersion = 50;
	objects = {

/* Begin PBXBuildFile section */
		05E06D0926E2729E00A7823F /* GoogleService-Info.plist in Resources */ = {isa = PBXBuildFile; fileRef = 05E06D0826E2729E00A7823F /* GoogleService-Info.plist */; };
		05E06D0A26E2729E00A7823F /* GoogleService-Info.plist in Resources */ = {isa = PBXBuildFile; fileRef = 05E06D0826E2729E00A7823F /* GoogleService-Info.plist */; };
		533B9DCCC49384518C3D76D1 /* Pods_Mealagram__macOS_.framework in Frameworks */ = {isa = PBXBuildFile; fileRef = DEEE25F5D1E53237D66E9AD0 /* Pods_Mealagram__macOS_.framework */; };
		A552DA77A493BE6B86A8AA19 /* Pods_Mealagram__iOS_.framework in Frameworks */ = {isa = PBXBuildFile; fileRef = 5E357C9AEB44C2C85EBC02D2 /* Pods_Mealagram__iOS_.framework */; };
		FA11A22626E26E85009926AA /* MealagramApp.swift in Sources */ = {isa = PBXBuildFile; fileRef = FA11A21326E26E82009926AA /* MealagramApp.swift */; };
		FA11A22726E26E85009926AA /* MealagramApp.swift in Sources */ = {isa = PBXBuildFile; fileRef = FA11A21326E26E82009926AA /* MealagramApp.swift */; };
		FA11A22826E26E85009926AA /* ContentView.swift in Sources */ = {isa = PBXBuildFile; fileRef = FA11A21426E26E82009926AA /* ContentView.swift */; };
		FA11A22926E26E85009926AA /* ContentView.swift in Sources */ = {isa = PBXBuildFile; fileRef = FA11A21426E26E82009926AA /* ContentView.swift */; };
		FA11A22A26E26E85009926AA /* Assets.xcassets in Resources */ = {isa = PBXBuildFile; fileRef = FA11A21526E26E85009926AA /* Assets.xcassets */; };
		FA11A22B26E26E85009926AA /* Assets.xcassets in Resources */ = {isa = PBXBuildFile; fileRef = FA11A21526E26E85009926AA /* Assets.xcassets */; };
/* End PBXBuildFile section */

/* Begin PBXFileReference section */
		05E06D0826E2729E00A7823F /* GoogleService-Info.plist */ = {isa = PBXFileReference; fileEncoding = 4; lastKnownFileType = text.plist.xml; path = "GoogleService-Info.plist"; sourceTree = "<group>"; };
		5E357C9AEB44C2C85EBC02D2 /* Pods_Mealagram__iOS_.framework */ = {isa = PBXFileReference; explicitFileType = wrapper.framework; includeInIndex = 0; path = Pods_Mealagram__iOS_.framework; sourceTree = BUILT_PRODUCTS_DIR; };
		7C29FE29DA703E232A7B5CD4 /* Pods-Mealagram (macOS).release.xcconfig */ = {isa = PBXFileReference; includeInIndex = 1; lastKnownFileType = text.xcconfig; name = "Pods-Mealagram (macOS).release.xcconfig"; path = "Target Support Files/Pods-Mealagram (macOS)/Pods-Mealagram (macOS).release.xcconfig"; sourceTree = "<group>"; };
		8A1716A6F39315CE34C71930 /* Pods-Mealagram (iOS).debug.xcconfig */ = {isa = PBXFileReference; includeInIndex = 1; lastKnownFileType = text.xcconfig; name = "Pods-Mealagram (iOS).debug.xcconfig"; path = "Target Support Files/Pods-Mealagram (iOS)/Pods-Mealagram (iOS).debug.xcconfig"; sourceTree = "<group>"; };
		8E31085A20D1C8969AF5E57B /* Pods-Mealagram (macOS).debug.xcconfig */ = {isa = PBXFileReference; includeInIndex = 1; lastKnownFileType = text.xcconfig; name = "Pods-Mealagram (macOS).debug.xcconfig"; path = "Target Support Files/Pods-Mealagram (macOS)/Pods-Mealagram (macOS).debug.xcconfig"; sourceTree = "<group>"; };
		DEEE25F5D1E53237D66E9AD0 /* Pods_Mealagram__macOS_.framework */ = {isa = PBXFileReference; explicitFileType = wrapper.framework; includeInIndex = 0; path = Pods_Mealagram__macOS_.framework; sourceTree = BUILT_PRODUCTS_DIR; };
		FA11A21326E26E82009926AA /* MealagramApp.swift */ = {isa = PBXFileReference; lastKnownFileType = sourcecode.swift; path = MealagramApp.swift; sourceTree = "<group>"; };
		FA11A21426E26E82009926AA /* ContentView.swift */ = {isa = PBXFileReference; lastKnownFileType = sourcecode.swift; path = ContentView.swift; sourceTree = "<group>"; };
		FA11A21526E26E85009926AA /* Assets.xcassets */ = {isa = PBXFileReference; lastKnownFileType = folder.assetcatalog; path = Assets.xcassets; sourceTree = "<group>"; };
		FA11A21A26E26E85009926AA /* Mealagram.app */ = {isa = PBXFileReference; explicitFileType = wrapper.application; includeInIndex = 0; path = Mealagram.app; sourceTree = BUILT_PRODUCTS_DIR; };
		FA11A21D26E26E85009926AA /* Info.plist */ = {isa = PBXFileReference; lastKnownFileType = text.plist.xml; path = Info.plist; sourceTree = "<group>"; };
		FA11A22226E26E85009926AA /* Mealagram.app */ = {isa = PBXFileReference; explicitFileType = wrapper.application; includeInIndex = 0; path = Mealagram.app; sourceTree = BUILT_PRODUCTS_DIR; };
		FA11A22426E26E85009926AA /* Info.plist */ = {isa = PBXFileReference; lastKnownFileType = text.plist.xml; path = Info.plist; sourceTree = "<group>"; };
		FA11A22526E26E85009926AA /* macOS.entitlements */ = {isa = PBXFileReference; lastKnownFileType = text.plist.entitlements; path = macOS.entitlements; sourceTree = "<group>"; };
		FDA43DDDAED9448838D05F8D /* Pods-Mealagram (iOS).release.xcconfig */ = {isa = PBXFileReference; includeInIndex = 1; lastKnownFileType = text.xcconfig; name = "Pods-Mealagram (iOS).release.xcconfig"; path = "Target Support Files/Pods-Mealagram (iOS)/Pods-Mealagram (iOS).release.xcconfig"; sourceTree = "<group>"; };
/* End PBXFileReference section */

/* Begin PBXFrameworksBuildPhase section */
		FA11A21726E26E85009926AA /* Frameworks */ = {
			isa = PBXFrameworksBuildPhase;
			buildActionMask = 2147483647;
			files = (
				A552DA77A493BE6B86A8AA19 /* Pods_Mealagram__iOS_.framework in Frameworks */,
			);
			runOnlyForDeploymentPostprocessing = 0;
		};
		FA11A21F26E26E85009926AA /* Frameworks */ = {
			isa = PBXFrameworksBuildPhase;
			buildActionMask = 2147483647;
			files = (
				533B9DCCC49384518C3D76D1 /* Pods_Mealagram__macOS_.framework in Frameworks */,
			);
			runOnlyForDeploymentPostprocessing = 0;
		};
/* End PBXFrameworksBuildPhase section */

/* Begin PBXGroup section */
		4DCB5DEC5B7C9E4B0D97F315 /* Frameworks */ = {
			isa = PBXGroup;
			children = (
				5E357C9AEB44C2C85EBC02D2 /* Pods_Mealagram__iOS_.framework */,
				DEEE25F5D1E53237D66E9AD0 /* Pods_Mealagram__macOS_.framework */,
			);
			name = Frameworks;
			sourceTree = "<group>";
		};
		60D7E0D0F32477E8945E22FB /* Pods */ = {
			isa = PBXGroup;
			children = (
				8A1716A6F39315CE34C71930 /* Pods-Mealagram (iOS).debug.xcconfig */,
				FDA43DDDAED9448838D05F8D /* Pods-Mealagram (iOS).release.xcconfig */,
				8E31085A20D1C8969AF5E57B /* Pods-Mealagram (macOS).debug.xcconfig */,
				7C29FE29DA703E232A7B5CD4 /* Pods-Mealagram (macOS).release.xcconfig */,
			);
			name = Pods;
			path = Pods;
			sourceTree = "<group>";
		};
		FA11A20D26E26E82009926AA = {
			isa = PBXGroup;
			children = (
				FA11A21226E26E82009926AA /* Shared */,
				FA11A21C26E26E85009926AA /* iOS */,
				FA11A22326E26E85009926AA /* macOS */,
				FA11A21B26E26E85009926AA /* Products */,
				60D7E0D0F32477E8945E22FB /* Pods */,
				4DCB5DEC5B7C9E4B0D97F315 /* Frameworks */,
			);
			sourceTree = "<group>";
		};
		FA11A21226E26E82009926AA /* Shared */ = {
			isa = PBXGroup;
			children = (
				FA11A21326E26E82009926AA /* MealagramApp.swift */,
				FA11A21426E26E82009926AA /* ContentView.swift */,
				FA11A21526E26E85009926AA /* Assets.xcassets */,
				05E06D0826E2729E00A7823F /* GoogleService-Info.plist */,
			);
			path = Shared;
			sourceTree = "<group>";
		};
		FA11A21B26E26E85009926AA /* Products */ = {
			isa = PBXGroup;
			children = (
				FA11A21A26E26E85009926AA /* Mealagram.app */,
				FA11A22226E26E85009926AA /* Mealagram.app */,
			);
			name = Products;
			sourceTree = "<group>";
		};
		FA11A21C26E26E85009926AA /* iOS */ = {
			isa = PBXGroup;
			children = (
				FA11A21D26E26E85009926AA /* Info.plist */,
			);
			path = iOS;
			sourceTree = "<group>";
		};
		FA11A22326E26E85009926AA /* macOS */ = {
			isa = PBXGroup;
			children = (
				FA11A22426E26E85009926AA /* Info.plist */,
				FA11A22526E26E85009926AA /* macOS.entitlements */,
			);
			path = macOS;
			sourceTree = "<group>";
		};
/* End PBXGroup section */

/* Begin PBXNativeTarget section */
		FA11A21926E26E85009926AA /* Mealagram (iOS) */ = {
			isa = PBXNativeTarget;
			buildConfigurationList = FA11A22E26E26E85009926AA /* Build configuration list for PBXNativeTarget "Mealagram (iOS)" */;
			buildPhases = (
				B36A954885CDA858CB5C8ED3 /* [CP] Check Pods Manifest.lock */,
				FA11A21626E26E85009926AA /* Sources */,
				FA11A21726E26E85009926AA /* Frameworks */,
				FA11A21826E26E85009926AA /* Resources */,
				410A63498067FE04DE8DF8D8 /* [CP] Embed Pods Frameworks */,
			);
			buildRules = (
			);
			dependencies = (
			);
			name = "Mealagram (iOS)";
			productName = "Mealagram (iOS)";
			productReference = FA11A21A26E26E85009926AA /* Mealagram.app */;
			productType = "com.apple.product-type.application";
		};
		FA11A22126E26E85009926AA /* Mealagram (macOS) */ = {
			isa = PBXNativeTarget;
			buildConfigurationList = FA11A23126E26E85009926AA /* Build configuration list for PBXNativeTarget "Mealagram (macOS)" */;
			buildPhases = (
				888E3843C06E057D4FE92AF4 /* [CP] Check Pods Manifest.lock */,
				FA11A21E26E26E85009926AA /* Sources */,
				FA11A21F26E26E85009926AA /* Frameworks */,
				FA11A22026E26E85009926AA /* Resources */,
			);
			buildRules = (
			);
			dependencies = (
			);
			name = "Mealagram (macOS)";
			productName = "Mealagram (macOS)";
			productReference = FA11A22226E26E85009926AA /* Mealagram.app */;
			productType = "com.apple.product-type.application";
		};
/* End PBXNativeTarget section */

/* Begin PBXProject section */
		FA11A20E26E26E82009926AA /* Project object */ = {
			isa = PBXProject;
			attributes = {
				LastSwiftUpdateCheck = 1250;
				LastUpgradeCheck = 1250;
				TargetAttributes = {
					FA11A21926E26E85009926AA = {
						CreatedOnToolsVersion = 12.5.1;
					};
					FA11A22126E26E85009926AA = {
						CreatedOnToolsVersion = 12.5.1;
					};
				};
			};
			buildConfigurationList = FA11A21126E26E82009926AA /* Build configuration list for PBXProject "Mealagram" */;
			compatibilityVersion = "Xcode 9.3";
			developmentRegion = en;
			hasScannedForEncodings = 0;
			knownRegions = (
				en,
				Base,
			);
			mainGroup = FA11A20D26E26E82009926AA;
			productRefGroup = FA11A21B26E26E85009926AA /* Products */;
			projectDirPath = "";
			projectRoot = "";
			targets = (
				FA11A21926E26E85009926AA /* Mealagram (iOS) */,
				FA11A22126E26E85009926AA /* Mealagram (macOS) */,
			);
		};
/* End PBXProject section */

/* Begin PBXResourcesBuildPhase section */
		FA11A21826E26E85009926AA /* Resources */ = {
			isa = PBXResourcesBuildPhase;
			buildActionMask = 2147483647;
			files = (
				FA11A22A26E26E85009926AA /* Assets.xcassets in Resources */,
				05E06D0926E2729E00A7823F /* GoogleService-Info.plist in Resources */,
			);
			runOnlyForDeploymentPostprocessing = 0;
		};
		FA11A22026E26E85009926AA /* Resources */ = {
			isa = PBXResourcesBuildPhase;
			buildActionMask = 2147483647;
			files = (
				FA11A22B26E26E85009926AA /* Assets.xcassets in Resources */,
				05E06D0A26E2729E00A7823F /* GoogleService-Info.plist in Resources */,
			);
			runOnlyForDeploymentPostprocessing = 0;
		};
/* End PBXResourcesBuildPhase section */

/* Begin PBXShellScriptBuildPhase section */
		410A63498067FE04DE8DF8D8 /* [CP] Embed Pods Frameworks */ = {
			isa = PBXShellScriptBuildPhase;
			buildActionMask = 2147483647;
			files = (
			);
			inputFileListPaths = (
				"${PODS_ROOT}/Target Support Files/Pods-Mealagram (iOS)/Pods-Mealagram (iOS)-frameworks-${CONFIGURATION}-input-files.xcfilelist",
			);
			name = "[CP] Embed Pods Frameworks";
			outputFileListPaths = (
				"${PODS_ROOT}/Target Support Files/Pods-Mealagram (iOS)/Pods-Mealagram (iOS)-frameworks-${CONFIGURATION}-output-files.xcfilelist",
			);
			runOnlyForDeploymentPostprocessing = 0;
			shellPath = /bin/sh;
			shellScript = "\"${PODS_ROOT}/Target Support Files/Pods-Mealagram (iOS)/Pods-Mealagram (iOS)-frameworks.sh\"\n";
			showEnvVarsInLog = 0;
		};
		888E3843C06E057D4FE92AF4 /* [CP] Check Pods Manifest.lock */ = {
			isa = PBXShellScriptBuildPhase;
			buildActionMask = 2147483647;
			files = (
			);
			inputFileListPaths = (
			);
			inputPaths = (
				"${PODS_PODFILE_DIR_PATH}/Podfile.lock",
				"${PODS_ROOT}/Manifest.lock",
			);
			name = "[CP] Check Pods Manifest.lock";
			outputFileListPaths = (
			);
			outputPaths = (
				"$(DERIVED_FILE_DIR)/Pods-Mealagram (macOS)-checkManifestLockResult.txt",
			);
			runOnlyForDeploymentPostprocessing = 0;
			shellPath = /bin/sh;
			shellScript = "diff \"${PODS_PODFILE_DIR_PATH}/Podfile.lock\" \"${PODS_ROOT}/Manifest.lock\" > /dev/null\nif [ $? != 0 ] ; then\n    # print error to STDERR\n    echo \"error: The sandbox is not in sync with the Podfile.lock. Run 'pod install' or update your CocoaPods installation.\" >&2\n    exit 1\nfi\n# This output is used by Xcode 'outputs' to avoid re-running this script phase.\necho \"SUCCESS\" > \"${SCRIPT_OUTPUT_FILE_0}\"\n";
			showEnvVarsInLog = 0;
		};
		B36A954885CDA858CB5C8ED3 /* [CP] Check Pods Manifest.lock */ = {
			isa = PBXShellScriptBuildPhase;
			buildActionMask = 2147483647;
			files = (
			);
			inputFileListPaths = (
			);
			inputPaths = (
				"${PODS_PODFILE_DIR_PATH}/Podfile.lock",
				"${PODS_ROOT}/Manifest.lock",
			);
			name = "[CP] Check Pods Manifest.lock";
			outputFileListPaths = (
			);
			outputPaths = (
				"$(DERIVED_FILE_DIR)/Pods-Mealagram (iOS)-checkManifestLockResult.txt",
			);
			runOnlyForDeploymentPostprocessing = 0;
			shellPath = /bin/sh;
			shellScript = "diff \"${PODS_PODFILE_DIR_PATH}/Podfile.lock\" \"${PODS_ROOT}/Manifest.lock\" > /dev/null\nif [ $? != 0 ] ; then\n    # print error to STDERR\n    echo \"error: The sandbox is not in sync with the Podfile.lock. Run 'pod install' or update your CocoaPods installation.\" >&2\n    exit 1\nfi\n# This output is used by Xcode 'outputs' to avoid re-running this script phase.\necho \"SUCCESS\" > \"${SCRIPT_OUTPUT_FILE_0}\"\n";
			showEnvVarsInLog = 0;
		};
/* End PBXShellScriptBuildPhase section */

/* Begin PBXSourcesBuildPhase section */
		FA11A21626E26E85009926AA /* Sources */ = {
			isa = PBXSourcesBuildPhase;
			buildActionMask = 2147483647;
			files = (
				FA11A22826E26E85009926AA /* ContentView.swift in Sources */,
				FA11A22626E26E85009926AA /* MealagramApp.swift in Sources */,
			);
			runOnlyForDeploymentPostprocessing = 0;
		};
		FA11A21E26E26E85009926AA /* Sources */ = {
			isa = PBXSourcesBuildPhase;
			buildActionMask = 2147483647;
			files = (
				FA11A22926E26E85009926AA /* ContentView.swift in Sources */,
				FA11A22726E26E85009926AA /* MealagramApp.swift in Sources */,
			);
			runOnlyForDeploymentPostprocessing = 0;
		};
/* End PBXSourcesBuildPhase section */

/* Begin XCBuildConfiguration section */
		FA11A22C26E26E85009926AA /* Debug */ = {
			isa = XCBuildConfiguration;
			buildSettings = {
				ALWAYS_SEARCH_USER_PATHS = NO;
				CLANG_ANALYZER_NONNULL = YES;
				CLANG_ANALYZER_NUMBER_OBJECT_CONVERSION = YES_AGGRESSIVE;
				CLANG_CXX_LANGUAGE_STANDARD = "gnu++14";
				CLANG_CXX_LIBRARY = "libc++";
				CLANG_ENABLE_MODULES = YES;
				CLANG_ENABLE_OBJC_ARC = YES;
				CLANG_ENABLE_OBJC_WEAK = YES;
				CLANG_WARN_BLOCK_CAPTURE_AUTORELEASING = YES;
				CLANG_WARN_BOOL_CONVERSION = YES;
				CLANG_WARN_COMMA = YES;
				CLANG_WARN_CONSTANT_CONVERSION = YES;
				CLANG_WARN_DEPRECATED_OBJC_IMPLEMENTATIONS = YES;
				CLANG_WARN_DIRECT_OBJC_ISA_USAGE = YES_ERROR;
				CLANG_WARN_DOCUMENTATION_COMMENTS = YES;
				CLANG_WARN_EMPTY_BODY = YES;
				CLANG_WARN_ENUM_CONVERSION = YES;
				CLANG_WARN_INFINITE_RECURSION = YES;
				CLANG_WARN_INT_CONVERSION = YES;
				CLANG_WARN_NON_LITERAL_NULL_CONVERSION = YES;
				CLANG_WARN_OBJC_IMPLICIT_RETAIN_SELF = YES;
				CLANG_WARN_OBJC_LITERAL_CONVERSION = YES;
				CLANG_WARN_OBJC_ROOT_CLASS = YES_ERROR;
				CLANG_WARN_QUOTED_INCLUDE_IN_FRAMEWORK_HEADER = YES;
				CLANG_WARN_RANGE_LOOP_ANALYSIS = YES;
				CLANG_WARN_STRICT_PROTOTYPES = YES;
				CLANG_WARN_SUSPICIOUS_MOVE = YES;
				CLANG_WARN_UNGUARDED_AVAILABILITY = YES_AGGRESSIVE;
				CLANG_WARN_UNREACHABLE_CODE = YES;
				CLANG_WARN__DUPLICATE_METHOD_MATCH = YES;
				COPY_PHASE_STRIP = NO;
				DEBUG_INFORMATION_FORMAT = dwarf;
				ENABLE_STRICT_OBJC_MSGSEND = YES;
				ENABLE_TESTABILITY = YES;
				GCC_C_LANGUAGE_STANDARD = gnu11;
				GCC_DYNAMIC_NO_PIC = NO;
				GCC_NO_COMMON_BLOCKS = YES;
				GCC_OPTIMIZATION_LEVEL = 0;
				GCC_PREPROCESSOR_DEFINITIONS = (
					"DEBUG=1",
					"$(inherited)",
				);
				GCC_WARN_64_TO_32_BIT_CONVERSION = YES;
				GCC_WARN_ABOUT_RETURN_TYPE = YES_ERROR;
				GCC_WARN_UNDECLARED_SELECTOR = YES;
				GCC_WARN_UNINITIALIZED_AUTOS = YES_AGGRESSIVE;
				GCC_WARN_UNUSED_FUNCTION = YES;
				GCC_WARN_UNUSED_VARIABLE = YES;
				MTL_ENABLE_DEBUG_INFO = INCLUDE_SOURCE;
				MTL_FAST_MATH = YES;
				ONLY_ACTIVE_ARCH = YES;
				SWIFT_ACTIVE_COMPILATION_CONDITIONS = DEBUG;
				SWIFT_OPTIMIZATION_LEVEL = "-Onone";
			};
			name = Debug;
		};
		FA11A22D26E26E85009926AA /* Release */ = {
			isa = XCBuildConfiguration;
			buildSettings = {
				ALWAYS_SEARCH_USER_PATHS = NO;
				CLANG_ANALYZER_NONNULL = YES;
				CLANG_ANALYZER_NUMBER_OBJECT_CONVERSION = YES_AGGRESSIVE;
				CLANG_CXX_LANGUAGE_STANDARD = "gnu++14";
				CLANG_CXX_LIBRARY = "libc++";
				CLANG_ENABLE_MODULES = YES;
				CLANG_ENABLE_OBJC_ARC = YES;
				CLANG_ENABLE_OBJC_WEAK = YES;
				CLANG_WARN_BLOCK_CAPTURE_AUTORELEASING = YES;
				CLANG_WARN_BOOL_CONVERSION = YES;
				CLANG_WARN_COMMA = YES;
				CLANG_WARN_CONSTANT_CONVERSION = YES;
				CLANG_WARN_DEPRECATED_OBJC_IMPLEMENTATIONS = YES;
				CLANG_WARN_DIRECT_OBJC_ISA_USAGE = YES_ERROR;
				CLANG_WARN_DOCUMENTATION_COMMENTS = YES;
				CLANG_WARN_EMPTY_BODY = YES;
				CLANG_WARN_ENUM_CONVERSION = YES;
				CLANG_WARN_INFINITE_RECURSION = YES;
				CLANG_WARN_INT_CONVERSION = YES;
				CLANG_WARN_NON_LITERAL_NULL_CONVERSION = YES;
				CLANG_WARN_OBJC_IMPLICIT_RETAIN_SELF = YES;
				CLANG_WARN_OBJC_LITERAL_CONVERSION = YES;
				CLANG_WARN_OBJC_ROOT_CLASS = YES_ERROR;
				CLANG_WARN_QUOTED_INCLUDE_IN_FRAMEWORK_HEADER = YES;
				CLANG_WARN_RANGE_LOOP_ANALYSIS = YES;
				CLANG_WARN_STRICT_PROTOTYPES = YES;
				CLANG_WARN_SUSPICIOUS_MOVE = YES;
				CLANG_WARN_UNGUARDED_AVAILABILITY = YES_AGGRESSIVE;
				CLANG_WARN_UNREACHABLE_CODE = YES;
				CLANG_WARN__DUPLICATE_METHOD_MATCH = YES;
				COPY_PHASE_STRIP = NO;
				DEBUG_INFORMATION_FORMAT = "dwarf-with-dsym";
				ENABLE_NS_ASSERTIONS = NO;
				ENABLE_STRICT_OBJC_MSGSEND = YES;
				GCC_C_LANGUAGE_STANDARD = gnu11;
				GCC_NO_COMMON_BLOCKS = YES;
				GCC_WARN_64_TO_32_BIT_CONVERSION = YES;
				GCC_WARN_ABOUT_RETURN_TYPE = YES_ERROR;
				GCC_WARN_UNDECLARED_SELECTOR = YES;
				GCC_WARN_UNINITIALIZED_AUTOS = YES_AGGRESSIVE;
				GCC_WARN_UNUSED_FUNCTION = YES;
				GCC_WARN_UNUSED_VARIABLE = YES;
				MTL_ENABLE_DEBUG_INFO = NO;
				MTL_FAST_MATH = YES;
				SWIFT_COMPILATION_MODE = wholemodule;
				SWIFT_OPTIMIZATION_LEVEL = "-O";
			};
			name = Release;
		};
		FA11A22F26E26E85009926AA /* Debug */ = {
			isa = XCBuildConfiguration;
			baseConfigurationReference = 8A1716A6F39315CE34C71930 /* Pods-Mealagram (iOS).debug.xcconfig */;
			buildSettings = {
				ASSETCATALOG_COMPILER_APPICON_NAME = AppIcon;
				ASSETCATALOG_COMPILER_GLOBAL_ACCENT_COLOR_NAME = AccentColor;
				CODE_SIGN_STYLE = Automatic;
				DEVELOPMENT_TEAM = 9KSN6KP2P8;
				ENABLE_PREVIEWS = YES;
				INFOPLIST_FILE = iOS/Info.plist;
				IPHONEOS_DEPLOYMENT_TARGET = 14.0;
				LD_RUNPATH_SEARCH_PATHS = (
					"$(inherited)",
					"@executable_path/Frameworks",
				);
				PRODUCT_BUNDLE_IDENTIFIER = com.lunchbox.Mealagram;
				PRODUCT_NAME = Mealagram;
				SDKROOT = iphoneos;
				SWIFT_VERSION = 5.0;
				TARGETED_DEVICE_FAMILY = "1,2";
			};
			name = Debug;
		};
		FA11A23026E26E85009926AA /* Release */ = {
			isa = XCBuildConfiguration;
			baseConfigurationReference = FDA43DDDAED9448838D05F8D /* Pods-Mealagram (iOS).release.xcconfig */;
			buildSettings = {
				ASSETCATALOG_COMPILER_APPICON_NAME = AppIcon;
				ASSETCATALOG_COMPILER_GLOBAL_ACCENT_COLOR_NAME = AccentColor;
				CODE_SIGN_STYLE = Automatic;
				DEVELOPMENT_TEAM = 9KSN6KP2P8;
				ENABLE_PREVIEWS = YES;
				INFOPLIST_FILE = iOS/Info.plist;
				IPHONEOS_DEPLOYMENT_TARGET = 14.0;
				LD_RUNPATH_SEARCH_PATHS = (
					"$(inherited)",
					"@executable_path/Frameworks",
				);
				PRODUCT_BUNDLE_IDENTIFIER = com.lunchbox.Mealagram;
				PRODUCT_NAME = Mealagram;
				SDKROOT = iphoneos;
				SWIFT_VERSION = 5.0;
				TARGETED_DEVICE_FAMILY = "1,2";
				VALIDATE_PRODUCT = YES;
			};
			name = Release;
		};
		FA11A23226E26E85009926AA /* Debug */ = {
			isa = XCBuildConfiguration;
			baseConfigurationReference = 8E31085A20D1C8969AF5E57B /* Pods-Mealagram (macOS).debug.xcconfig */;
			buildSettings = {
				ASSETCATALOG_COMPILER_APPICON_NAME = AppIcon;
				ASSETCATALOG_COMPILER_GLOBAL_ACCENT_COLOR_NAME = AccentColor;
				CODE_SIGN_ENTITLEMENTS = macOS/macOS.entitlements;
				CODE_SIGN_STYLE = Automatic;
				COMBINE_HIDPI_IMAGES = YES;
				DEVELOPMENT_TEAM = 9KSN6KP2P8;
				ENABLE_HARDENED_RUNTIME = YES;
				ENABLE_PREVIEWS = YES;
				INFOPLIST_FILE = macOS/Info.plist;
				LD_RUNPATH_SEARCH_PATHS = (
					"$(inherited)",
					"@executable_path/../Frameworks",
				);
				MACOSX_DEPLOYMENT_TARGET = 11.0;
				PRODUCT_BUNDLE_IDENTIFIER = com.lunchbox.Mealagram;
				PRODUCT_NAME = Mealagram;
				SDKROOT = macosx;
				SWIFT_VERSION = 5.0;
			};
			name = Debug;
		};
		FA11A23326E26E85009926AA /* Release */ = {
			isa = XCBuildConfiguration;
			baseConfigurationReference = 7C29FE29DA703E232A7B5CD4 /* Pods-Mealagram (macOS).release.xcconfig */;
			buildSettings = {
				ASSETCATALOG_COMPILER_APPICON_NAME = AppIcon;
				ASSETCATALOG_COMPILER_GLOBAL_ACCENT_COLOR_NAME = AccentColor;
				CODE_SIGN_ENTITLEMENTS = macOS/macOS.entitlements;
				CODE_SIGN_STYLE = Automatic;
				COMBINE_HIDPI_IMAGES = YES;
				DEVELOPMENT_TEAM = 9KSN6KP2P8;
				ENABLE_HARDENED_RUNTIME = YES;
				ENABLE_PREVIEWS = YES;
				INFOPLIST_FILE = macOS/Info.plist;
				LD_RUNPATH_SEARCH_PATHS = (
					"$(inherited)",
					"@executable_path/../Frameworks",
				);
				MACOSX_DEPLOYMENT_TARGET = 11.0;
				PRODUCT_BUNDLE_IDENTIFIER = com.lunchbox.Mealagram;
				PRODUCT_NAME = Mealagram;
				SDKROOT = macosx;
				SWIFT_VERSION = 5.0;
			};
			name = Release;
		};
/* End XCBuildConfiguration section */

/* Begin XCConfigurationList section */
		FA11A21126E26E82009926AA /* Build configuration list for PBXProject "Mealagram" */ = {
			isa = XCConfigurationList;
			buildConfigurations = (
				FA11A22C26E26E85009926AA /* Debug */,
				FA11A22D26E26E85009926AA /* Release */,
			);
			defaultConfigurationIsVisible = 0;
			defaultConfigurationName = Release;
		};
		FA11A22E26E26E85009926AA /* Build configuration list for PBXNativeTarget "Mealagram (iOS)" */ = {
			isa = XCConfigurationList;
			buildConfigurations = (
				FA11A22F26E26E85009926AA /* Debug */,
				FA11A23026E26E85009926AA /* Release */,
			);
			defaultConfigurationIsVisible = 0;
			defaultConfigurationName = Release;
		};
		FA11A23126E26E85009926AA /* Build configuration list for PBXNativeTarget "Mealagram (macOS)" */ = {
			isa = XCConfigurationList;
			buildConfigurations = (
				FA11A23226E26E85009926AA /* Debug */,
				FA11A23326E26E85009926AA /* Release */,
			);
			defaultConfigurationIsVisible = 0;
			defaultConfigurationName = Release;
		};
/* End XCConfigurationList section */
	};
	rootObject = FA11A20E26E26E82009926AA /* Project object */;
}
