// !$*UTF8*$!
{
	archiveVersion = 1;
	classes = {
	};
	objectVersion = 52;
	objects = {

/* Begin PBXBuildFile section */
		053DFD9A26E2A56700C65353 /* ScanQRView.swift in Sources */ = {isa = PBXBuildFile; fileRef = 053DFD9926E2A56700C65353 /* ScanQRView.swift */; };
		0572A5CE26E279C70099789E /* MealagramApp.swift in Sources */ = {isa = PBXBuildFile; fileRef = 0572A5CD26E279C70099789E /* MealagramApp.swift */; };
		0572A5D026E279C70099789E /* ContentView.swift in Sources */ = {isa = PBXBuildFile; fileRef = 0572A5CF26E279C70099789E /* ContentView.swift */; };
		0572A5D226E279C80099789E /* Assets.xcassets in Resources */ = {isa = PBXBuildFile; fileRef = 0572A5D126E279C80099789E /* Assets.xcassets */; };
		0572A5D526E279C80099789E /* Preview Assets.xcassets in Resources */ = {isa = PBXBuildFile; fileRef = 0572A5D426E279C80099789E /* Preview Assets.xcassets */; };
		05851D6026E28DC400A31B11 /* SlideOverCard in Frameworks */ = {isa = PBXBuildFile; productRef = 05851D5F26E28DC400A31B11 /* SlideOverCard */; };
		05851D6326E28E4600A31B11 /* CarBode in Frameworks */ = {isa = PBXBuildFile; productRef = 05851D6226E28E4600A31B11 /* CarBode */; };
		05851D6526E2936000A31B11 /* CustomStyles.swift in Sources */ = {isa = PBXBuildFile; fileRef = 05851D6426E2936000A31B11 /* CustomStyles.swift */; };
		BA553A4526E2C8F900C349FA /* PersistenceController.swift in Sources */ = {isa = PBXBuildFile; fileRef = BA553A4426E2C8F900C349FA /* PersistenceController.swift */; };
		BAEBE4DB26E29E9800E73DA1 /* SceneDelegate.swift in Sources */ = {isa = PBXBuildFile; fileRef = BAEBE4DA26E29E9800E73DA1 /* SceneDelegate.swift */; };
		BAEBE4DD26E2A00700E73DA1 /* DiscoverView.swift in Sources */ = {isa = PBXBuildFile; fileRef = BAEBE4DC26E2A00700E73DA1 /* DiscoverView.swift */; };
		BAEBE4E026E2A19C00E73DA1 /* Mealgram.xcdatamodeld in Sources */ = {isa = PBXBuildFile; fileRef = BAEBE4DE26E2A19C00E73DA1 /* Mealgram.xcdatamodeld */; };
		BAEBE4E226E2A3A500E73DA1 /* UserRow.swift in Sources */ = {isa = PBXBuildFile; fileRef = BAEBE4E126E2A3A500E73DA1 /* UserRow.swift */; };
		FA68B9A326E27D4700935E4B /* ProfileView.swift in Sources */ = {isa = PBXBuildFile; fileRef = FA68B9A226E27D4700935E4B /* ProfileView.swift */; };
/* End PBXBuildFile section */

/* Begin PBXFileReference section */
		053DFD9926E2A56700C65353 /* ScanQRView.swift */ = {isa = PBXFileReference; lastKnownFileType = sourcecode.swift; path = ScanQRView.swift; sourceTree = "<group>"; };
		0572A5CA26E279C70099789E /* Mealagram.app */ = {isa = PBXFileReference; explicitFileType = wrapper.application; includeInIndex = 0; path = Mealagram.app; sourceTree = BUILT_PRODUCTS_DIR; };
		0572A5CD26E279C70099789E /* MealagramApp.swift */ = {isa = PBXFileReference; lastKnownFileType = sourcecode.swift; path = MealagramApp.swift; sourceTree = "<group>"; };
		0572A5CF26E279C70099789E /* ContentView.swift */ = {isa = PBXFileReference; lastKnownFileType = sourcecode.swift; path = ContentView.swift; sourceTree = "<group>"; };
		0572A5D126E279C80099789E /* Assets.xcassets */ = {isa = PBXFileReference; lastKnownFileType = folder.assetcatalog; path = Assets.xcassets; sourceTree = "<group>"; };
		0572A5D426E279C80099789E /* Preview Assets.xcassets */ = {isa = PBXFileReference; lastKnownFileType = folder.assetcatalog; path = "Preview Assets.xcassets"; sourceTree = "<group>"; };
		0572A5D626E279C80099789E /* Info.plist */ = {isa = PBXFileReference; lastKnownFileType = text.plist.xml; path = Info.plist; sourceTree = "<group>"; };
		05851D6426E2936000A31B11 /* CustomStyles.swift */ = {isa = PBXFileReference; lastKnownFileType = sourcecode.swift; path = CustomStyles.swift; sourceTree = "<group>"; };
		BA553A4426E2C8F900C349FA /* PersistenceController.swift */ = {isa = PBXFileReference; lastKnownFileType = sourcecode.swift; path = PersistenceController.swift; sourceTree = "<group>"; };
		BAEBE4DA26E29E9800E73DA1 /* SceneDelegate.swift */ = {isa = PBXFileReference; lastKnownFileType = sourcecode.swift; path = SceneDelegate.swift; sourceTree = "<group>"; };
		BAEBE4DC26E2A00700E73DA1 /* DiscoverView.swift */ = {isa = PBXFileReference; lastKnownFileType = sourcecode.swift; path = DiscoverView.swift; sourceTree = "<group>"; };
		BAEBE4DF26E2A19C00E73DA1 /* User.xcdatamodel */ = {isa = PBXFileReference; lastKnownFileType = wrapper.xcdatamodel; path = User.xcdatamodel; sourceTree = "<group>"; };
		BAEBE4E126E2A3A500E73DA1 /* UserRow.swift */ = {isa = PBXFileReference; lastKnownFileType = sourcecode.swift; path = UserRow.swift; sourceTree = "<group>"; };
		FA68B9A226E27D4700935E4B /* ProfileView.swift */ = {isa = PBXFileReference; lastKnownFileType = sourcecode.swift; path = ProfileView.swift; sourceTree = "<group>"; };
/* End PBXFileReference section */

/* Begin PBXFrameworksBuildPhase section */
		0572A5C726E279C70099789E /* Frameworks */ = {
			isa = PBXFrameworksBuildPhase;
			buildActionMask = 2147483647;
			files = (
				05851D6026E28DC400A31B11 /* SlideOverCard in Frameworks */,
				05851D6326E28E4600A31B11 /* CarBode in Frameworks */,
			);
			runOnlyForDeploymentPostprocessing = 0;
		};
/* End PBXFrameworksBuildPhase section */

/* Begin PBXGroup section */
		0572A5C126E279C70099789E = {
			isa = PBXGroup;
			children = (
				0572A5CC26E279C70099789E /* Mealagram */,
				0572A5CB26E279C70099789E /* Products */,
			);
			sourceTree = "<group>";
		};
		0572A5CB26E279C70099789E /* Products */ = {
			isa = PBXGroup;
			children = (
				0572A5CA26E279C70099789E /* Mealagram.app */,
			);
			name = Products;
			sourceTree = "<group>";
		};
		0572A5CC26E279C70099789E /* Mealagram */ = {
			isa = PBXGroup;
			children = (
				BAEBE4B526E298C400E73DA1 /* Models */,
				0572A5CD26E279C70099789E /* MealagramApp.swift */,
				0572A5CF26E279C70099789E /* ContentView.swift */,
				FA68B9A226E27D4700935E4B /* ProfileView.swift */,
				053DFD9926E2A56700C65353 /* ScanQRView.swift */,
				05851D6426E2936000A31B11 /* CustomStyles.swift */,
				BAEBE4DA26E29E9800E73DA1 /* SceneDelegate.swift */,
				BAEBE4DC26E2A00700E73DA1 /* DiscoverView.swift */,
				BAEBE4E126E2A3A500E73DA1 /* UserRow.swift */,
				0572A5D126E279C80099789E /* Assets.xcassets */,
				0572A5D626E279C80099789E /* Info.plist */,
				0572A5D326E279C80099789E /* Preview Content */,
				BA553A4426E2C8F900C349FA /* PersistenceController.swift */,
			);
			path = Mealagram;
			sourceTree = "<group>";
		};
		0572A5D326E279C80099789E /* Preview Content */ = {
			isa = PBXGroup;
			children = (
				0572A5D426E279C80099789E /* Preview Assets.xcassets */,
			);
			path = "Preview Content";
			sourceTree = "<group>";
		};
		BAEBE4B526E298C400E73DA1 /* Models */ = {
			isa = PBXGroup;
			children = (
				BAEBE4DE26E2A19C00E73DA1 /* Mealgram.xcdatamodeld */,
			);
			path = Models;
			sourceTree = "<group>";
		};
/* End PBXGroup section */

/* Begin PBXNativeTarget section */
		0572A5C926E279C70099789E /* Mealagram */ = {
			isa = PBXNativeTarget;
			buildConfigurationList = 0572A5D926E279C80099789E /* Build configuration list for PBXNativeTarget "Mealagram" */;
			buildPhases = (
				0572A5C626E279C70099789E /* Sources */,
				0572A5C726E279C70099789E /* Frameworks */,
				0572A5C826E279C70099789E /* Resources */,
			);
			buildRules = (
			);
			dependencies = (
			);
			name = Mealagram;
			packageProductDependencies = (
				05851D5F26E28DC400A31B11 /* SlideOverCard */,
				05851D6226E28E4600A31B11 /* CarBode */,
			);
			productName = Mealagram;
			productReference = 0572A5CA26E279C70099789E /* Mealagram.app */;
			productType = "com.apple.product-type.application";
		};
/* End PBXNativeTarget section */

/* Begin PBXProject section */
		0572A5C226E279C70099789E /* Project object */ = {
			isa = PBXProject;
			attributes = {
				LastSwiftUpdateCheck = 1250;
				LastUpgradeCheck = 1250;
				TargetAttributes = {
					0572A5C926E279C70099789E = {
						CreatedOnToolsVersion = 12.5.1;
					};
				};
			};
			buildConfigurationList = 0572A5C526E279C70099789E /* Build configuration list for PBXProject "Mealagram" */;
			compatibilityVersion = "Xcode 9.3";
			developmentRegion = en;
			hasScannedForEncodings = 0;
			knownRegions = (
				en,
				Base,
			);
			mainGroup = 0572A5C126E279C70099789E;
			packageReferences = (
				05851D5E26E28DC400A31B11 /* XCRemoteSwiftPackageReference "SlideOverCard" */,
				05851D6126E28E4600A31B11 /* XCRemoteSwiftPackageReference "CarBode-Barcode-Scanner-For-SwiftUI" */,
			);
			productRefGroup = 0572A5CB26E279C70099789E /* Products */;
			projectDirPath = "";
			projectRoot = "";
			targets = (
				0572A5C926E279C70099789E /* Mealagram */,
			);
		};
/* End PBXProject section */

/* Begin PBXResourcesBuildPhase section */
		0572A5C826E279C70099789E /* Resources */ = {
			isa = PBXResourcesBuildPhase;
			buildActionMask = 2147483647;
			files = (
				0572A5D526E279C80099789E /* Preview Assets.xcassets in Resources */,
				0572A5D226E279C80099789E /* Assets.xcassets in Resources */,
			);
			runOnlyForDeploymentPostprocessing = 0;
		};
/* End PBXResourcesBuildPhase section */

/* Begin PBXSourcesBuildPhase section */
		0572A5C626E279C70099789E /* Sources */ = {
			isa = PBXSourcesBuildPhase;
			buildActionMask = 2147483647;
			files = (
				05851D6526E2936000A31B11 /* CustomStyles.swift in Sources */,
				BAEBE4DB26E29E9800E73DA1 /* SceneDelegate.swift in Sources */,
				0572A5D026E279C70099789E /* ContentView.swift in Sources */,
				053DFD9A26E2A56700C65353 /* ScanQRView.swift in Sources */,
				FA68B9A326E27D4700935E4B /* ProfileView.swift in Sources */,
				BAEBE4E026E2A19C00E73DA1 /* Mealgram.xcdatamodeld in Sources */,
				BAEBE4DD26E2A00700E73DA1 /* DiscoverView.swift in Sources */,
				BAEBE4E226E2A3A500E73DA1 /* UserRow.swift in Sources */,
				0572A5CE26E279C70099789E /* MealagramApp.swift in Sources */,
				BA553A4526E2C8F900C349FA /* PersistenceController.swift in Sources */,
			);
			runOnlyForDeploymentPostprocessing = 0;
		};
/* End PBXSourcesBuildPhase section */

/* Begin XCBuildConfiguration section */
		0572A5D726E279C80099789E /* Debug */ = {
			isa = XCBuildConfiguration;
			buildSettings = {
				ALWAYS_SEARCH_USER_PATHS = NO;
				CLANG_ANALYZER_NONNULL = YES;
				CLANG_ANALYZER_NUMBER_OBJECT_CONVERSION = YES_AGGRESSIVE;
				CLANG_CXX_LANGUAGE_STANDARD = "gnu++14";
				CLANG_CXX_LIBRARY = "libc++";
				CLANG_ENABLE_MODULES = YES;
				CLANG_ENABLE_OBJC_ARC = YES;
				CLANG_ENABLE_OBJC_WEAK = YES;
				CLANG_WARN_BLOCK_CAPTURE_AUTORELEASING = YES;
				CLANG_WARN_BOOL_CONVERSION = YES;
				CLANG_WARN_COMMA = YES;
				CLANG_WARN_CONSTANT_CONVERSION = YES;
				CLANG_WARN_DEPRECATED_OBJC_IMPLEMENTATIONS = YES;
				CLANG_WARN_DIRECT_OBJC_ISA_USAGE = YES_ERROR;
				CLANG_WARN_DOCUMENTATION_COMMENTS = YES;
				CLANG_WARN_EMPTY_BODY = YES;
				CLANG_WARN_ENUM_CONVERSION = YES;
				CLANG_WARN_INFINITE_RECURSION = YES;
				CLANG_WARN_INT_CONVERSION = YES;
				CLANG_WARN_NON_LITERAL_NULL_CONVERSION = YES;
				CLANG_WARN_OBJC_IMPLICIT_RETAIN_SELF = YES;
				CLANG_WARN_OBJC_LITERAL_CONVERSION = YES;
				CLANG_WARN_OBJC_ROOT_CLASS = YES_ERROR;
				CLANG_WARN_QUOTED_INCLUDE_IN_FRAMEWORK_HEADER = YES;
				CLANG_WARN_RANGE_LOOP_ANALYSIS = YES;
				CLANG_WARN_STRICT_PROTOTYPES = YES;
				CLANG_WARN_SUSPICIOUS_MOVE = YES;
				CLANG_WARN_UNGUARDED_AVAILABILITY = YES_AGGRESSIVE;
				CLANG_WARN_UNREACHABLE_CODE = YES;
				CLANG_WARN__DUPLICATE_METHOD_MATCH = YES;
				COPY_PHASE_STRIP = NO;
				DEBUG_INFORMATION_FORMAT = dwarf;
				ENABLE_STRICT_OBJC_MSGSEND = YES;
				ENABLE_TESTABILITY = YES;
				GCC_C_LANGUAGE_STANDARD = gnu11;
				GCC_DYNAMIC_NO_PIC = NO;
				GCC_NO_COMMON_BLOCKS = YES;
				GCC_OPTIMIZATION_LEVEL = 0;
				GCC_PREPROCESSOR_DEFINITIONS = (
					"DEBUG=1",
					"$(inherited)",
				);
				GCC_WARN_64_TO_32_BIT_CONVERSION = YES;
				GCC_WARN_ABOUT_RETURN_TYPE = YES_ERROR;
				GCC_WARN_UNDECLARED_SELECTOR = YES;
				GCC_WARN_UNINITIALIZED_AUTOS = YES_AGGRESSIVE;
				GCC_WARN_UNUSED_FUNCTION = YES;
				GCC_WARN_UNUSED_VARIABLE = YES;
				IPHONEOS_DEPLOYMENT_TARGET = 14.5;
				MTL_ENABLE_DEBUG_INFO = INCLUDE_SOURCE;
				MTL_FAST_MATH = YES;
				ONLY_ACTIVE_ARCH = YES;
				SDKROOT = iphoneos;
				SWIFT_ACTIVE_COMPILATION_CONDITIONS = DEBUG;
				SWIFT_OPTIMIZATION_LEVEL = "-Onone";
			};
			name = Debug;
		};
		0572A5D826E279C80099789E /* Release */ = {
			isa = XCBuildConfiguration;
			buildSettings = {
				ALWAYS_SEARCH_USER_PATHS = NO;
				CLANG_ANALYZER_NONNULL = YES;
				CLANG_ANALYZER_NUMBER_OBJECT_CONVERSION = YES_AGGRESSIVE;
				CLANG_CXX_LANGUAGE_STANDARD = "gnu++14";
				CLANG_CXX_LIBRARY = "libc++";
				CLANG_ENABLE_MODULES = YES;
				CLANG_ENABLE_OBJC_ARC = YES;
				CLANG_ENABLE_OBJC_WEAK = YES;
				CLANG_WARN_BLOCK_CAPTURE_AUTORELEASING = YES;
				CLANG_WARN_BOOL_CONVERSION = YES;
				CLANG_WARN_COMMA = YES;
				CLANG_WARN_CONSTANT_CONVERSION = YES;
				CLANG_WARN_DEPRECATED_OBJC_IMPLEMENTATIONS = YES;
				CLANG_WARN_DIRECT_OBJC_ISA_USAGE = YES_ERROR;
				CLANG_WARN_DOCUMENTATION_COMMENTS = YES;
				CLANG_WARN_EMPTY_BODY = YES;
				CLANG_WARN_ENUM_CONVERSION = YES;
				CLANG_WARN_INFINITE_RECURSION = YES;
				CLANG_WARN_INT_CONVERSION = YES;
				CLANG_WARN_NON_LITERAL_NULL_CONVERSION = YES;
				CLANG_WARN_OBJC_IMPLICIT_RETAIN_SELF = YES;
				CLANG_WARN_OBJC_LITERAL_CONVERSION = YES;
				CLANG_WARN_OBJC_ROOT_CLASS = YES_ERROR;
				CLANG_WARN_QUOTED_INCLUDE_IN_FRAMEWORK_HEADER = YES;
				CLANG_WARN_RANGE_LOOP_ANALYSIS = YES;
				CLANG_WARN_STRICT_PROTOTYPES = YES;
				CLANG_WARN_SUSPICIOUS_MOVE = YES;
				CLANG_WARN_UNGUARDED_AVAILABILITY = YES_AGGRESSIVE;
				CLANG_WARN_UNREACHABLE_CODE = YES;
				CLANG_WARN__DUPLICATE_METHOD_MATCH = YES;
				COPY_PHASE_STRIP = NO;
				DEBUG_INFORMATION_FORMAT = "dwarf-with-dsym";
				ENABLE_NS_ASSERTIONS = NO;
				ENABLE_STRICT_OBJC_MSGSEND = YES;
				GCC_C_LANGUAGE_STANDARD = gnu11;
				GCC_NO_COMMON_BLOCKS = YES;
				GCC_WARN_64_TO_32_BIT_CONVERSION = YES;
				GCC_WARN_ABOUT_RETURN_TYPE = YES_ERROR;
				GCC_WARN_UNDECLARED_SELECTOR = YES;
				GCC_WARN_UNINITIALIZED_AUTOS = YES_AGGRESSIVE;
				GCC_WARN_UNUSED_FUNCTION = YES;
				GCC_WARN_UNUSED_VARIABLE = YES;
				IPHONEOS_DEPLOYMENT_TARGET = 14.5;
				MTL_ENABLE_DEBUG_INFO = NO;
				MTL_FAST_MATH = YES;
				SDKROOT = iphoneos;
				SWIFT_COMPILATION_MODE = wholemodule;
				SWIFT_OPTIMIZATION_LEVEL = "-O";
				VALIDATE_PRODUCT = YES;
			};
			name = Release;
		};
		0572A5DA26E279C80099789E /* Debug */ = {
			isa = XCBuildConfiguration;
			buildSettings = {
				ASSETCATALOG_COMPILER_APPICON_NAME = AppIcon;
				ASSETCATALOG_COMPILER_GLOBAL_ACCENT_COLOR_NAME = AccentColor;
				CODE_SIGN_STYLE = Automatic;
				DEVELOPMENT_ASSET_PATHS = "\"Mealagram/Preview Content\"";
				DEVELOPMENT_TEAM = GA572ZF2XM;
				ENABLE_PREVIEWS = YES;
				INFOPLIST_FILE = Mealagram/Info.plist;
				IPHONEOS_DEPLOYMENT_TARGET = 14.0;
				LD_RUNPATH_SEARCH_PATHS = (
					"$(inherited)",
					"@executable_path/Frameworks",
				);
				PRODUCT_BUNDLE_IDENTIFIER = com.lunchbox.Mealagram;
				PRODUCT_NAME = "$(TARGET_NAME)";
				SWIFT_VERSION = 5.0;
				TARGETED_DEVICE_FAMILY = "1,2";
			};
			name = Debug;
		};
		0572A5DB26E279C80099789E /* Release */ = {
			isa = XCBuildConfiguration;
			buildSettings = {
				ASSETCATALOG_COMPILER_APPICON_NAME = AppIcon;
				ASSETCATALOG_COMPILER_GLOBAL_ACCENT_COLOR_NAME = AccentColor;
				CODE_SIGN_STYLE = Automatic;
				DEVELOPMENT_ASSET_PATHS = "\"Mealagram/Preview Content\"";
				DEVELOPMENT_TEAM = GA572ZF2XM;
				ENABLE_PREVIEWS = YES;
				INFOPLIST_FILE = Mealagram/Info.plist;
				IPHONEOS_DEPLOYMENT_TARGET = 14.0;
				LD_RUNPATH_SEARCH_PATHS = (
					"$(inherited)",
					"@executable_path/Frameworks",
				);
				PRODUCT_BUNDLE_IDENTIFIER = com.lunchbox.Mealagram;
				PRODUCT_NAME = "$(TARGET_NAME)";
				SWIFT_VERSION = 5.0;
				TARGETED_DEVICE_FAMILY = "1,2";
			};
			name = Release;
		};
/* End XCBuildConfiguration section */

/* Begin XCConfigurationList section */
		0572A5C526E279C70099789E /* Build configuration list for PBXProject "Mealagram" */ = {
			isa = XCConfigurationList;
			buildConfigurations = (
				0572A5D726E279C80099789E /* Debug */,
				0572A5D826E279C80099789E /* Release */,
			);
			defaultConfigurationIsVisible = 0;
			defaultConfigurationName = Release;
		};
		0572A5D926E279C80099789E /* Build configuration list for PBXNativeTarget "Mealagram" */ = {
			isa = XCConfigurationList;
			buildConfigurations = (
				0572A5DA26E279C80099789E /* Debug */,
				0572A5DB26E279C80099789E /* Release */,
			);
			defaultConfigurationIsVisible = 0;
			defaultConfigurationName = Release;
		};
/* End XCConfigurationList section */

/* Begin XCRemoteSwiftPackageReference section */
		05851D5E26E28DC400A31B11 /* XCRemoteSwiftPackageReference "SlideOverCard" */ = {
			isa = XCRemoteSwiftPackageReference;
			repositoryURL = "https://github.com/joogps/SlideOverCard.git";
			requirement = {
				kind = upToNextMajorVersion;
				minimumVersion = 2.0.0;
			};
		};
		05851D6126E28E4600A31B11 /* XCRemoteSwiftPackageReference "CarBode-Barcode-Scanner-For-SwiftUI" */ = {
			isa = XCRemoteSwiftPackageReference;
			repositoryURL = "https://github.com/heart/CarBode-Barcode-Scanner-For-SwiftUI.git";
			requirement = {
				kind = upToNextMajorVersion;
				minimumVersion = 2.2.2;
			};
		};
/* End XCRemoteSwiftPackageReference section */

/* Begin XCSwiftPackageProductDependency section */
		05851D5F26E28DC400A31B11 /* SlideOverCard */ = {
			isa = XCSwiftPackageProductDependency;
			package = 05851D5E26E28DC400A31B11 /* XCRemoteSwiftPackageReference "SlideOverCard" */;
			productName = SlideOverCard;
		};
		05851D6226E28E4600A31B11 /* CarBode */ = {
			isa = XCSwiftPackageProductDependency;
			package = 05851D6126E28E4600A31B11 /* XCRemoteSwiftPackageReference "CarBode-Barcode-Scanner-For-SwiftUI" */;
			productName = CarBode;
		};
/* End XCSwiftPackageProductDependency section */

/* Begin XCVersionGroup section */
		BAEBE4DE26E2A19C00E73DA1 /* Mealgram.xcdatamodeld */ = {
			isa = XCVersionGroup;
			children = (
				BAEBE4DF26E2A19C00E73DA1 /* User.xcdatamodel */,
			);
			currentVersion = BAEBE4DF26E2A19C00E73DA1 /* User.xcdatamodel */;
			path = Mealgram.xcdatamodeld;
			sourceTree = "<group>";
			versionGroupType = wrapper.xcdatamodel;
		};
/* End XCVersionGroup section */
	};
	rootObject = 0572A5C226E279C70099789E /* Project object */;
}
